
Microsoft Visual Studio Solution File, Format Version 12.00
# Visual Studio Version 16
VisualStudioVersion = 16.0.31624.102
MinimumVisualStudioVersion = 10.0.40219.1
Project("{FAE04EC0-301F-11D3-BF4B-00C04F79EFBC}") = "AyshasBakehouse", "AyshasBakehouse.csproj", "{A29772E5-D099-4DD8-A903-1C933338F247}"
EndProject
Global
	GlobalSection(SolutionConfigurationPlatforms) = preSolution
		Debug|Any CPU = Debug|Any CPU
		Release|Any CPU = Release|Any CPU
	EndGlobalSection
	GlobalSection(ProjectConfigurationPlatforms) = postSolution
		{A29772E5-D099-4DD8-A903-1C933338F247}.Debug|Any CPU.ActiveCfg = Debug|Any CPU
		{A29772E5-D099-4DD8-A903-1C933338F247}.Debug|Any CPU.Build.0 = Debug|Any CPU
		{A29772E5-D099-4DD8-A903-1C933338F247}.Release|Any CPU.ActiveCfg = Release|Any CPU
		{A29772E5-D099-4DD8-A903-1C933338F247}.Release|Any CPU.Build.0 = Release|Any CPU
	EndGlobalSection
	GlobalSection(SolutionProperties) = preSolution
		HideSolutionNode = FALSE
	EndGlobalSection
	GlobalSection(ExtensibilityGlobals) = postSolution
		SolutionGuid = {AD623C61-46EA-4290-917E-7BEB3F8970B5}
	EndGlobalSection
EndGlobal
